<?xml version="1.0" encoding="utf-8"?>
<Project ToolsVersion="4.0" xmlns="http://schemas.microsoft.com/developer/msbuild/2003">
  <ItemGroup>
    <Filter Include="Source Files">
      <UniqueIdentifier>{4FC737F1-C7A5-4376-A066-2A32D752A2FF}</UniqueIdentifier>
      <Extensions>cpp;c;cc;cxx;def;odl;idl;hpj;bat;asm;asmx</Extensions>
    </Filter>
    <Filter Include="Header Files">
      <UniqueIdentifier>{93995380-89BD-4b04-88EB-625FBE52EBFB}</UniqueIdentifier>
      <Extensions>h;hh;hpp;hxx;hm;inl;inc;xsd</Extensions>
    </Filter>
    <Filter Include="Resource Files">
      <UniqueIdentifier>{67DA6AB6-F800-4c08-8B7A-83BB121AAD01}</UniqueIdentifier>
      <Extensions>rc;ico;cur;bmp;dlg;rc2;rct;bin;rgs;gif;jpg;jpeg;jpe;resx;tiff;tif;png;wav;mfcribbon-ms</Extensions>
    </Filter>
  </ItemGroup>
  <ItemGroup>
    <ClCompile Include="..\src\CascadeClassifier.cpp">
      <Filter>Source Files</Filter>
    </ClCompile>
    <ClCompile Include="..\src\CheckQualityConfig.cpp">
      <Filter>Source Files</Filter>
    </ClCompile>
    <ClCompile Include="..\src\ClassifierTester.cpp">
      <Filter>Source Files</Filter>
    </ClCompile>
    <ClCompile Include="..\src\ClassifierTrainer.cpp">
      <Filter>Source Files</Filter>
    </ClCompile>
    <ClCompile Include="..\src\ConfigBase.cpp">
      <Filter>Source Files</Filter>
    </ClCompile>
    <ClCompile Include="..\src\ConfigurationElement.cpp">
      <Filter>Source Files</Filter>
    </ClCompile>
    <ClCompile Include="..\src\ConfigurationKeyPaths.cpp">
      <Filter>Source Files</Filter>
    </ClCompile>
    <ClCompile Include="..\src\ConfigurationManager.cpp">
      <Filter>Source Files</Filter>
    </ClCompile>
    <ClCompile Include="..\src\ConfigurationParser.cpp">
      <Filter>Source Files</Filter>
    </ClCompile>
    <ClCompile Include="..\src\ConfigurationTester.cpp">
      <Filter>Source Files</Filter>
    </ClCompile>
    <ClCompile Include="..\src\DescriptorConfigHOG.cpp">
      <Filter>Source Files</Filter>
    </ClCompile>
    <ClCompile Include="..\src\DescriptorConfigurationFactory.cpp">
      <Filter>Source Files</Filter>
    </ClCompile>
    <ClCompile Include="..\src\DescriptorConfigurator.cpp">
      <Filter>Source Files</Filter>
    </ClCompile>
    <ClCompile Include="..\src\DescriptorTester.cpp">
      <Filter>Source Files</Filter>
    </ClCompile>
    <ClCompile Include="..\src\Detector.cpp">
      <Filter>Source Files</Filter>
    </ClCompile>
    <ClCompile Include="..\src\DetectorConfig.cpp">
      <Filter>Source Files</Filter>
    </ClCompile>
    <ClCompile Include="..\src\EquationData.cpp">
      <Filter>Source Files</Filter>
    </ClCompile>
    <ClCompile Include="..\src\ExternalSolverConfig.cpp">
      <Filter>Source Files</Filter>
    </ClCompile>
    <ClCompile Include="..\src\FaceFeature.cpp">
      <Filter>Source Files</Filter>
    </ClCompile>
    <ClCompile Include="..\src\FileDataPersister.cpp">
      <Filter>Source Files</Filter>
    </ClCompile>
    <ClCompile Include="..\src\FileFinder.cpp">
      <Filter>Source Files</Filter>
    </ClCompile>
    <ClCompile Include="..\src\FileLinesGetter.cpp">
      <Filter>Source Files</Filter>
    </ClCompile>
    <ClCompile Include="..\src\FileLinesParser.cpp">
      <Filter>Source Files</Filter>
    </ClCompile>
    <ClCompile Include="..\src\HOGDescriptor.cpp">
      <Filter>Source Files</Filter>
    </ClCompile>
    <ClCompile Include="..\src\HOGSource.cpp">
      <Filter>Source Files</Filter>
    </ClCompile>
    <ClCompile Include="..\src\ImageCollectionDevider.cpp">
      <Filter>Source Files</Filter>
    </ClCompile>
    <ClCompile Include="..\src\ImageCollectionMerger.cpp">
      <Filter>Source Files</Filter>
    </ClCompile>
    <ClCompile Include="..\src\ImageCollectionMultiplier.cpp">
      <Filter>Source Files</Filter>
    </ClCompile>
    <ClCompile Include="..\src\ImageLandmarkData.cpp">
      <Filter>Source Files</Filter>
    </ClCompile>
    <ClCompile Include="..\src\ImagePainter.cpp">
      <Filter>Source Files</Filter>
    </ClCompile>
    <ClCompile Include="..\src\ImagePicker.cpp">
      <Filter>Source Files</Filter>
    </ClCompile>
    <ClCompile Include="..\src\ImageTransformer.cpp">
      <Filter>Source Files</Filter>
    </ClCompile>
    <ClCompile Include="..\src\ImageWriter.cpp">
      <Filter>Source Files</Filter>
    </ClCompile>
    <ClCompile Include="..\src\LandmarkCollectionData.cpp">
      <Filter>Source Files</Filter>
    </ClCompile>
    <ClCompile Include="..\src\LandmarkTester.cpp">
      <Filter>Source Files</Filter>
    </ClCompile>
    <ClCompile Include="..\src\LLSSolver.cpp">
      <Filter>Source Files</Filter>
    </ClCompile>
    <ClCompile Include="..\src\main.cpp">
      <Filter>Source Files</Filter>
    </ClCompile>
    <ClCompile Include="..\src\MainController.cpp">
      <Filter>Source Files</Filter>
    </ClCompile>
    <ClCompile Include="..\src\MatHelper.cpp">
      <Filter>Source Files</Filter>
    </ClCompile>
    <ClCompile Include="..\src\NoiseProducer.cpp">
      <Filter>Source Files</Filter>
    </ClCompile>
    <ClCompile Include="..\src\ProcrustesTransformer.cpp">
      <Filter>Source Files</Filter>
    </ClCompile>
    <ClCompile Include="..\src\SIFTDescriptor.cpp">
      <Filter>Source Files</Filter>
    </ClCompile>
    <ClCompile Include="..\src\StarFeature.cpp">
      <Filter>Source Files</Filter>
    </ClCompile>
    <ClCompile Include="..\src\StatisticProduser.cpp">
      <Filter>Source Files</Filter>
    </ClCompile>
    <ClCompile Include="..\src\StatisticTester.cpp">
      <Filter>Source Files</Filter>
    </ClCompile>
    <ClCompile Include="..\src\TestFunctionFeature.cpp">
      <Filter>Source Files</Filter>
    </ClCompile>
    <ClCompile Include="..\src\TestFunctionLandmarkData.cpp">
      <Filter>Source Files</Filter>
    </ClCompile>
    <ClCompile Include="..\src\TestManager.cpp">
      <Filter>Source Files</Filter>
    </ClCompile>
    <ClCompile Include="..\src\TrackerConfig.cpp">
      <Filter>Source Files</Filter>
    </ClCompile>
    <ClCompile Include="..\src\TrainedData.cpp">
      <Filter>Source Files</Filter>
    </ClCompile>
    <ClCompile Include="..\src\TrainedDataTest.cpp">
      <Filter>Source Files</Filter>
    </ClCompile>
    <ClCompile Include="..\src\TrainingTest.cpp">
      <Filter>Source Files</Filter>
    </ClCompile>
  </ItemGroup>
  <ItemGroup>
    <ClInclude Include="..\src\CascadeClassifier.h">
      <Filter>Header Files</Filter>
    </ClInclude>
    <ClInclude Include="..\src\CheckQualityConfig.h">
      <Filter>Header Files</Filter>
    </ClInclude>
    <ClInclude Include="..\src\ClassifierTester.h">
      <Filter>Header Files</Filter>
    </ClInclude>
    <ClInclude Include="..\src\ClassifierTrainer.h">
      <Filter>Header Files</Filter>
    </ClInclude>
    <ClInclude Include="..\src\CommonTypes.h">
      <Filter>Header Files</Filter>
    </ClInclude>
    <ClInclude Include="..\src\ConfigBase.h">
      <Filter>Header Files</Filter>
    </ClInclude>
    <ClInclude Include="..\src\ConfigurationElement.h">
      <Filter>Header Files</Filter>
    </ClInclude>
    <ClInclude Include="..\src\ConfigurationKeyPaths.h">
      <Filter>Header Files</Filter>
    </ClInclude>
    <ClInclude Include="..\src\ConfigurationManager.h">
      <Filter>Header Files</Filter>
    </ClInclude>
    <ClInclude Include="..\src\ConfigurationParser.h">
      <Filter>Header Files</Filter>
    </ClInclude>
    <ClInclude Include="..\src\ConfigurationTester.h">
      <Filter>Header Files</Filter>
    </ClInclude>
    <ClInclude Include="..\src\DataContainer.h">
      <Filter>Header Files</Filter>
    </ClInclude>
    <ClInclude Include="..\src\DescriptorConfig.h">
      <Filter>Header Files</Filter>
    </ClInclude>
    <ClInclude Include="..\src\DescriptorConfigHOG.h">
      <Filter>Header Files</Filter>
    </ClInclude>
    <ClInclude Include="..\src\DescriptorConfigurationFactory.h">
      <Filter>Header Files</Filter>
    </ClInclude>
    <ClInclude Include="..\src\DescriptorConfigurator.h">
      <Filter>Header Files</Filter>
    </ClInclude>
    <ClInclude Include="..\src\DescriptorTester.h">
      <Filter>Header Files</Filter>
    </ClInclude>
    <ClInclude Include="..\src\Detector.h">
      <Filter>Header Files</Filter>
    </ClInclude>
    <ClInclude Include="..\src\DetectorConfig.h">
      <Filter>Header Files</Filter>
    </ClInclude>
    <ClInclude Include="..\src\EquationData.h">
      <Filter>Header Files</Filter>
    </ClInclude>
    <ClInclude Include="..\src\ExternalSolverConfig.h">
      <Filter>Header Files</Filter>
    </ClInclude>
    <ClInclude Include="..\src\FaceFeature.h">
      <Filter>Header Files</Filter>
    </ClInclude>
    <ClInclude Include="..\src\FileDataPersister.h">
      <Filter>Header Files</Filter>
    </ClInclude>
    <ClInclude Include="..\src\FileFinder.h">
      <Filter>Header Files</Filter>
    </ClInclude>
    <ClInclude Include="..\src\FileLinesGetter.h">
      <Filter>Header Files</Filter>
    </ClInclude>
    <ClInclude Include="..\src\FileLinesParser.h">
      <Filter>Header Files</Filter>
    </ClInclude>
    <ClInclude Include="..\src\HOGDescriptor.h">
      <Filter>Header Files</Filter>
    </ClInclude>
    <ClInclude Include="..\src\HOGSource.h">
      <Filter>Header Files</Filter>
    </ClInclude>
    <ClInclude Include="..\src\IDescriptor.h">
      <Filter>Header Files</Filter>
    </ClInclude>
    <ClInclude Include="..\src\IFeature.h">
      <Filter>Header Files</Filter>
    </ClInclude>
    <ClInclude Include="..\src\ImageCollectionDevider.h">
      <Filter>Header Files</Filter>
    </ClInclude>
    <ClInclude Include="..\src\ImageCollectionMerger.h">
      <Filter>Header Files</Filter>
    </ClInclude>
    <ClInclude Include="..\src\ImageCollectionMultiplier.h">
      <Filter>Header Files</Filter>
    </ClInclude>
    <ClInclude Include="..\src\ImageLandmarkData.h">
      <Filter>Header Files</Filter>
    </ClInclude>
    <ClInclude Include="..\src\ImagePainter.h">
      <Filter>Header Files</Filter>
    </ClInclude>
    <ClInclude Include="..\src\ImagePicker.h">
      <Filter>Header Files</Filter>
    </ClInclude>
    <ClInclude Include="..\src\ImageTransformer.h">
      <Filter>Header Files</Filter>
    </ClInclude>
    <ClInclude Include="..\src\ImageWriter.h">
      <Filter>Header Files</Filter>
    </ClInclude>
    <ClInclude Include="..\src\LandmarkCollectionData.h">
      <Filter>Header Files</Filter>
    </ClInclude>
    <ClInclude Include="..\src\LandmarkTester.h">
      <Filter>Header Files</Filter>
    </ClInclude>
    <ClInclude Include="..\src\LLSSolver.h">
      <Filter>Header Files</Filter>
    </ClInclude>
    <ClInclude Include="..\src\MainController.h">
      <Filter>Header Files</Filter>
    </ClInclude>
    <ClInclude Include="..\src\MatHelper.h">
      <Filter>Header Files</Filter>
    </ClInclude>
    <ClInclude Include="..\src\NoiseProducer.h">
      <Filter>Header Files</Filter>
    </ClInclude>
    <ClInclude Include="..\src\PlatformDependingConstants.h">
      <Filter>Header Files</Filter>
    </ClInclude>
    <ClInclude Include="..\src\ProcrustesTransformer.h">
      <Filter>Header Files</Filter>
    </ClInclude>
    <ClInclude Include="..\src\SIFTDescriptor.h">
      <Filter>Header Files</Filter>
    </ClInclude>
    <ClInclude Include="..\src\StarFeature.h">
      <Filter>Header Files</Filter>
    </ClInclude>
    <ClInclude Include="..\src\StatisticProduser.h">
      <Filter>Header Files</Filter>
    </ClInclude>
    <ClInclude Include="..\src\StatisticTester.h">
      <Filter>Header Files</Filter>
    </ClInclude>
    <ClInclude Include="..\src\TestFunctionFeature.h">
      <Filter>Header Files</Filter>
    </ClInclude>
    <ClInclude Include="..\src\TestFunctionLandmarkData.h">
      <Filter>Header Files</Filter>
    </ClInclude>
    <ClInclude Include="..\src\TestManager.h">
      <Filter>Header Files</Filter>
    </ClInclude>
    <ClInclude Include="..\src\TrackerConfig.h">
      <Filter>Header Files</Filter>
    </ClInclude>
    <ClInclude Include="..\src\TrainedData.h">
      <Filter>Header Files</Filter>
    </ClInclude>
    <ClInclude Include="..\src\TrainedDataTest.h">
      <Filter>Header Files</Filter>
    </ClInclude>
    <ClInclude Include="..\src\TrainingTest.h">
      <Filter>Header Files</Filter>
    </ClInclude>
  </ItemGroup>
</Project>